
Microsoft Visual Studio Solution File, Format Version 12.00
# Visual Studio Version 17
VisualStudioVersion = 17.0.31903.59
MinimumVisualStudioVersion = 10.0.40219.1
Project("{FAE04EC0-301F-11D3-BF4B-00C04F79EFBC}") = "Fisdane.RabbitMQ", "src\Fisdane.RabbitMQ\Fisdane.RabbitMQ.csproj", "{94E954AA-B1FF-4BFD-A3A8-FC6AE66C0369}"
EndProject
Project("{FAE04EC0-301F-11D3-BF4B-00C04F79EFBC}") = "Test.Worker", "src\Test.Worker\Test.Worker.csproj", "{88B895DC-FC09-4468-9C83-6DD783F82288}"
EndProject
Global
	GlobalSection(SolutionConfigurationPlatforms) = preSolution
		Debug|Any CPU = Debug|Any CPU
		Release|Any CPU = Release|Any CPU
	EndGlobalSection
	GlobalSection(ProjectConfigurationPlatforms) = postSolution
		{94E954AA-B1FF-4BFD-A3A8-FC6AE66C0369}.Debug|Any CPU.ActiveCfg = Debug|Any CPU
		{94E954AA-B1FF-4BFD-A3A8-FC6AE66C0369}.Debug|Any CPU.Build.0 = Debug|Any CPU
		{94E954AA-B1FF-4BFD-A3A8-FC6AE66C0369}.Release|Any CPU.ActiveCfg = Release|Any CPU
		{94E954AA-B1FF-4BFD-A3A8-FC6AE66C0369}.Release|Any CPU.Build.0 = Release|Any CPU
		{88B895DC-FC09-4468-9C83-6DD783F82288}.Debug|Any CPU.ActiveCfg = Debug|Any CPU
		{88B895DC-FC09-4468-9C83-6DD783F82288}.Debug|Any CPU.Build.0 = Debug|Any CPU
		{88B895DC-FC09-4468-9C83-6DD783F82288}.Release|Any CPU.ActiveCfg = Release|Any CPU
	EndGlobalSection
	GlobalSection(SolutionProperties) = preSolution
		HideSolutionNode = FALSE
	EndGlobalSection
	GlobalSection(ExtensibilityGlobals) = postSolution
		SolutionGuid = {47F07696-BE0C-40F7-8818-C5202F7F8CAC}
	EndGlobalSection
EndGlobal
